
Microsoft Visual Studio Solution File, Format Version 12.00
# Visual Studio Version 16
VisualStudioVersion = 16.0.31515.178
MinimumVisualStudioVersion = 10.0.40219.1
Project("{9A19103F-16F7-4668-BE54-9A1E7A4F7556}") = "ElektronikGiganten", "ElektronikGiganten\ElektronikGiganten.csproj", "{5232D63D-660A-47DF-8015-45481748BAC3}"
EndProject
Project("{9A19103F-16F7-4668-BE54-9A1E7A4F7556}") = "ElektronikGigantenLibrary", "ElektronikGigantenLibrary\ElektronikGigantenLibrary.csproj", "{2747A678-2981-4444-9D19-393CB069747C}"
EndProject
Project("{9A19103F-16F7-4668-BE54-9A1E7A4F7556}") = "ElektronikGigantenReact", "ElektronikGigantenReact\ElektronikGigantenReact.csproj", "{189EC9BD-A572-4581-9F1D-946A1AB25AE2}"
EndProject
Project("{FAE04EC0-301F-11D3-BF4B-00C04F79EFBC}") = "TestModels", "TestModels\TestModels.csproj", "{23D57AC5-4959-4BC1-9098-D89E24043B10}"
EndProject
Global
	GlobalSection(SolutionConfigurationPlatforms) = preSolution
		Debug|Any CPU = Debug|Any CPU
		Release|Any CPU = Release|Any CPU
	EndGlobalSection
	GlobalSection(ProjectConfigurationPlatforms) = postSolution
		{5232D63D-660A-47DF-8015-45481748BAC3}.Debug|Any CPU.ActiveCfg = Debug|Any CPU
		{5232D63D-660A-47DF-8015-45481748BAC3}.Debug|Any CPU.Build.0 = Debug|Any CPU
		{5232D63D-660A-47DF-8015-45481748BAC3}.Release|Any CPU.ActiveCfg = Release|Any CPU
		{5232D63D-660A-47DF-8015-45481748BAC3}.Release|Any CPU.Build.0 = Release|Any CPU
		{2747A678-2981-4444-9D19-393CB069747C}.Debug|Any CPU.ActiveCfg = Debug|Any CPU
		{2747A678-2981-4444-9D19-393CB069747C}.Debug|Any CPU.Build.0 = Debug|Any CPU
		{2747A678-2981-4444-9D19-393CB069747C}.Release|Any CPU.ActiveCfg = Release|Any CPU
		{2747A678-2981-4444-9D19-393CB069747C}.Release|Any CPU.Build.0 = Release|Any CPU
		{189EC9BD-A572-4581-9F1D-946A1AB25AE2}.Debug|Any CPU.ActiveCfg = Debug|Any CPU
		{189EC9BD-A572-4581-9F1D-946A1AB25AE2}.Debug|Any CPU.Build.0 = Debug|Any CPU
		{189EC9BD-A572-4581-9F1D-946A1AB25AE2}.Release|Any CPU.ActiveCfg = Release|Any CPU
		{189EC9BD-A572-4581-9F1D-946A1AB25AE2}.Release|Any CPU.Build.0 = Release|Any CPU
		{23D57AC5-4959-4BC1-9098-D89E24043B10}.Debug|Any CPU.ActiveCfg = Debug|Any CPU
		{23D57AC5-4959-4BC1-9098-D89E24043B10}.Debug|Any CPU.Build.0 = Debug|Any CPU
		{23D57AC5-4959-4BC1-9098-D89E24043B10}.Release|Any CPU.ActiveCfg = Release|Any CPU
		{23D57AC5-4959-4BC1-9098-D89E24043B10}.Release|Any CPU.Build.0 = Release|Any CPU
	EndGlobalSection
	GlobalSection(SolutionProperties) = preSolution
		HideSolutionNode = FALSE
	EndGlobalSection
	GlobalSection(ExtensibilityGlobals) = postSolution
		SolutionGuid = {192044AF-9281-4B07-9A53-5C1F3716ABDB}
	EndGlobalSection
EndGlobal
